
Microsoft Visual Studio Solution File, Format Version 12.00
# Visual Studio Version 16
VisualStudioVersion = 16.0.30611.23
MinimumVisualStudioVersion = 10.0.40219.1
Project("{9A19103F-16F7-4668-BE54-9A1E7A4F7556}") = "Задание2", "ConsoleApp1\Задание2.csproj", "{8E7D8826-A682-4F73-B031-FDEA050B588D}"
EndProject
Project("{9A19103F-16F7-4668-BE54-9A1E7A4F7556}") = "Задание3", "Задание3\Задание3.csproj", "{C0814836-2EA5-4371-BF9B-B5D61D43574C}"
EndProject
Project("{FAE04EC0-301F-11D3-BF4B-00C04F79EFBC}") = "Задание4", "Задание4\Задание4.csproj", "{739AD9B8-84B6-4273-9BB6-2387499D9F32}"
EndProject
Global
	GlobalSection(SolutionConfigurationPlatforms) = preSolution
		Debug|Any CPU = Debug|Any CPU
		Release|Any CPU = Release|Any CPU
	EndGlobalSection
	GlobalSection(ProjectConfigurationPlatforms) = postSolution
		{8E7D8826-A682-4F73-B031-FDEA050B588D}.Debug|Any CPU.ActiveCfg = Debug|Any CPU
		{8E7D8826-A682-4F73-B031-FDEA050B588D}.Debug|Any CPU.Build.0 = Debug|Any CPU
		{8E7D8826-A682-4F73-B031-FDEA050B588D}.Release|Any CPU.ActiveCfg = Release|Any CPU
		{8E7D8826-A682-4F73-B031-FDEA050B588D}.Release|Any CPU.Build.0 = Release|Any CPU
		{C0814836-2EA5-4371-BF9B-B5D61D43574C}.Debug|Any CPU.ActiveCfg = Debug|Any CPU
		{C0814836-2EA5-4371-BF9B-B5D61D43574C}.Debug|Any CPU.Build.0 = Debug|Any CPU
		{C0814836-2EA5-4371-BF9B-B5D61D43574C}.Release|Any CPU.ActiveCfg = Release|Any CPU
		{C0814836-2EA5-4371-BF9B-B5D61D43574C}.Release|Any CPU.Build.0 = Release|Any CPU
		{739AD9B8-84B6-4273-9BB6-2387499D9F32}.Debug|Any CPU.ActiveCfg = Debug|Any CPU
		{739AD9B8-84B6-4273-9BB6-2387499D9F32}.Debug|Any CPU.Build.0 = Debug|Any CPU
		{739AD9B8-84B6-4273-9BB6-2387499D9F32}.Release|Any CPU.ActiveCfg = Release|Any CPU
		{739AD9B8-84B6-4273-9BB6-2387499D9F32}.Release|Any CPU.Build.0 = Release|Any CPU
	EndGlobalSection
	GlobalSection(SolutionProperties) = preSolution
		HideSolutionNode = FALSE
	EndGlobalSection
	GlobalSection(ExtensibilityGlobals) = postSolution
		SolutionGuid = {3587C5AD-CA73-4F44-9D1E-226181AE25C2}
	EndGlobalSection
EndGlobal
